# branch name<TAB>exact commit
# These are the upstream snapshots used by the checked-in profile artifacts
# and by the original SysInsight wrapper. Update deliberately when changing
# the source version.
WorkloadTune ff35ee554492e9b3963bc81bd45f64c1f4d9b6c0
WorkloadTune_new a5f10ec0ab82f08775d80a313136d1eb7958b11d
dev cb3154286c3075c0e1d09fb4db34141859b4afc1
