# component<TAB>version<TAB>archive<TAB>download URL<TAB>sha256
prometheus	2.15.2	prometheus-2.15.2.linux-amd64.tar.gz	https://github.com/prometheus/prometheus/releases/download/v2.15.2/prometheus-2.15.2.linux-amd64.tar.gz	579f800ec3ec2dc9a36d2d513e7800552cf6b0898f87a8abafd54e73b53f8ad0
node_exporter	0.18.1	node_exporter-0.18.1.linux-amd64.tar.gz	https://github.com/prometheus/node_exporter/releases/download/v0.18.1/node_exporter-0.18.1.linux-amd64.tar.gz	b2503fd932f85f4e5baf161268854bf5d22001869b84f00fd2d1f57b51b72424
postgres_exporter	0.8.0	postgres_exporter_v0.8.0_linux-amd64.tar.gz	https://github.com/prometheus-community/postgres_exporter/releases/download/v0.8.0/postgres_exporter_v0.8.0_linux-amd64.tar.gz	272ed14d3c360579d6e231db34a568ec08f61d2e163cf111e713929ffb6db3f5
grafana	13.2.1	grafana-13.2.1.linux-amd64.tar.gz	https://dl.grafana.com/oss/release/grafana-13.2.1.linux-amd64.tar.gz	849b3f17a0a318a2f1a681b663e9feb4e4fc7f70d43bb0b4ea07cd34b1987462
